
Microsoft Visual Studio Solution File, Format Version 12.00
# Visual Studio 15
VisualStudioVersion = 15.0.27130.2027
MinimumVisualStudioVersion = 10.0.40219.1
Project("{FAE04EC0-301F-11D3-BF4B-00C04F79EFBC}") = "SpreadsheetApp", "SpreadsheetApp\SpreadsheetApp.csproj", "{EE73521A-287C-44FE-AB57-AE4D78E7A9B1}"
EndProject
Project("{FAE04EC0-301F-11D3-BF4B-00C04F79EFBC}") = "SpreadsheetApp.Tests", "SpreadsheetApp.Tests\SpreadsheetApp.Tests.csproj", "{9190E343-AC69-43D8-B158-E896D8BBE6DF}"
EndProject
Global
	GlobalSection(SolutionConfigurationPlatforms) = preSolution
		Debug|Any CPU = Debug|Any CPU
		Release|Any CPU = Release|Any CPU
	EndGlobalSection
	GlobalSection(ProjectConfigurationPlatforms) = postSolution
		{EE73521A-287C-44FE-AB57-AE4D78E7A9B1}.Debug|Any CPU.ActiveCfg = Debug|Any CPU
		{EE73521A-287C-44FE-AB57-AE4D78E7A9B1}.Debug|Any CPU.Build.0 = Debug|Any CPU
		{EE73521A-287C-44FE-AB57-AE4D78E7A9B1}.Release|Any CPU.ActiveCfg = Release|Any CPU
		{EE73521A-287C-44FE-AB57-AE4D78E7A9B1}.Release|Any CPU.Build.0 = Release|Any CPU
		{9190E343-AC69-43D8-B158-E896D8BBE6DF}.Debug|Any CPU.ActiveCfg = Debug|Any CPU
		{9190E343-AC69-43D8-B158-E896D8BBE6DF}.Debug|Any CPU.Build.0 = Debug|Any CPU
		{9190E343-AC69-43D8-B158-E896D8BBE6DF}.Release|Any CPU.ActiveCfg = Release|Any CPU
		{9190E343-AC69-43D8-B158-E896D8BBE6DF}.Release|Any CPU.Build.0 = Release|Any CPU
	EndGlobalSection
	GlobalSection(SolutionProperties) = preSolution
		HideSolutionNode = FALSE
	EndGlobalSection
	GlobalSection(ExtensibilityGlobals) = postSolution
		SolutionGuid = {AAE58247-88E1-41AD-99DF-F69FF7F8ED97}
	EndGlobalSection
EndGlobal
